// !$*UTF8*$!
{
	archiveVersion = 1;
	classes = {
	};
	objectVersion = 50;
	objects = {

/* Begin PBXBuildFile section */
		610B677B24BE447600EC5D58 /* MPColoredButton.swift in Sources */ = {isa = PBXBuildFile; fileRef = 610B677A24BE447600EC5D58 /* MPColoredButton.swift */; };
		619B6EE724BB4722000693C5 /* AppDelegate.swift in Sources */ = {isa = PBXBuildFile; fileRef = 619B6EE624BB4722000693C5 /* AppDelegate.swift */; };
		619B6EE924BB4722000693C5 /* SceneDelegate.swift in Sources */ = {isa = PBXBuildFile; fileRef = 619B6EE824BB4722000693C5 /* SceneDelegate.swift */; };
		619B6EEB24BB4722000693C5 /* PlacesListViewController.swift in Sources */ = {isa = PBXBuildFile; fileRef = 619B6EEA24BB4722000693C5 /* PlacesListViewController.swift */; };
		619B6EF124BB4722000693C5 /* MyPlaces.xcdatamodeld in Sources */ = {isa = PBXBuildFile; fileRef = 619B6EEF24BB4722000693C5 /* MyPlaces.xcdatamodeld */; };
		619B6EF324BB4723000693C5 /* Assets.xcassets in Resources */ = {isa = PBXBuildFile; fileRef = 619B6EF224BB4723000693C5 /* Assets.xcassets */; };
		619B6EF624BB4723000693C5 /* LaunchScreen.storyboard in Resources */ = {isa = PBXBuildFile; fileRef = 619B6EF424BB4723000693C5 /* LaunchScreen.storyboard */; };
		619B6F2624BB5257000693C5 /* PlaceCell.swift in Sources */ = {isa = PBXBuildFile; fileRef = 619B6F2424BB5257000693C5 /* PlaceCell.swift */; };
		619B6F2B24BBAB48000693C5 /* MPLabel.swift in Sources */ = {isa = PBXBuildFile; fileRef = 619B6F2A24BBAB48000693C5 /* MPLabel.swift */; };
		61FAA38A24BC86C5000D17A0 /* NewPlaceViewController.swift in Sources */ = {isa = PBXBuildFile; fileRef = 61FAA38924BC86C5000D17A0 /* NewPlaceViewController.swift */; };
		61FAA38C24BC9E12000D17A0 /* PlaceModel.swift in Sources */ = {isa = PBXBuildFile; fileRef = 61FAA38B24BC9E12000D17A0 /* PlaceModel.swift */; };
		61FAA38E24BCA0C9000D17A0 /* PlaceInfoViewController.swift in Sources */ = {isa = PBXBuildFile; fileRef = 61FAA38D24BCA0C9000D17A0 /* PlaceInfoViewController.swift */; };
		61FAA39124BCA15C000D17A0 /* UIColor+Custom.swift in Sources */ = {isa = PBXBuildFile; fileRef = 61FAA39024BCA15C000D17A0 /* UIColor+Custom.swift */; };
		61FAA39424BCAB97000D17A0 /* ImagePickerManager.swift in Sources */ = {isa = PBXBuildFile; fileRef = 61FAA39324BCAB97000D17A0 /* ImagePickerManager.swift */; };
		61FAA39624BCCA0C000D17A0 /* MPTextField.swift in Sources */ = {isa = PBXBuildFile; fileRef = 61FAA39524BCCA0C000D17A0 /* MPTextField.swift */; };
		61FAA39824BCD4A1000D17A0 /* CoordinatesViewController.swift in Sources */ = {isa = PBXBuildFile; fileRef = 61FAA39724BCD4A1000D17A0 /* CoordinatesViewController.swift */; };
/* End PBXBuildFile section */

/* Begin PBXFileReference section */
		610B677A24BE447600EC5D58 /* MPColoredButton.swift */ = {isa = PBXFileReference; lastKnownFileType = sourcecode.swift; path = MPColoredButton.swift; sourceTree = "<group>"; };
		619B6EE324BB4722000693C5 /* MyPlaces.app */ = {isa = PBXFileReference; explicitFileType = wrapper.application; includeInIndex = 0; path = MyPlaces.app; sourceTree = BUILT_PRODUCTS_DIR; };
		619B6EE624BB4722000693C5 /* AppDelegate.swift */ = {isa = PBXFileReference; lastKnownFileType = sourcecode.swift; path = AppDelegate.swift; sourceTree = "<group>"; };
		619B6EE824BB4722000693C5 /* SceneDelegate.swift */ = {isa = PBXFileReference; lastKnownFileType = sourcecode.swift; path = SceneDelegate.swift; sourceTree = "<group>"; };
		619B6EEA24BB4722000693C5 /* PlacesListViewController.swift */ = {isa = PBXFileReference; lastKnownFileType = sourcecode.swift; path = PlacesListViewController.swift; sourceTree = "<group>"; };
		619B6EF024BB4722000693C5 /* MyPlaces.xcdatamodel */ = {isa = PBXFileReference; lastKnownFileType = wrapper.xcdatamodel; path = MyPlaces.xcdatamodel; sourceTree = "<group>"; };
		619B6EF224BB4723000693C5 /* Assets.xcassets */ = {isa = PBXFileReference; lastKnownFileType = folder.assetcatalog; path = Assets.xcassets; sourceTree = "<group>"; };
		619B6EF524BB4723000693C5 /* Base */ = {isa = PBXFileReference; lastKnownFileType = file.storyboard; name = Base; path = Base.lproj/LaunchScreen.storyboard; sourceTree = "<group>"; };
		619B6EF724BB4723000693C5 /* Info.plist */ = {isa = PBXFileReference; lastKnownFileType = text.plist.xml; path = Info.plist; sourceTree = "<group>"; };
		619B6F2424BB5257000693C5 /* PlaceCell.swift */ = {isa = PBXFileReference; lastKnownFileType = sourcecode.swift; path = PlaceCell.swift; sourceTree = "<group>"; };
		619B6F2A24BBAB48000693C5 /* MPLabel.swift */ = {isa = PBXFileReference; lastKnownFileType = sourcecode.swift; path = MPLabel.swift; sourceTree = "<group>"; };
		61FAA38924BC86C5000D17A0 /* NewPlaceViewController.swift */ = {isa = PBXFileReference; lastKnownFileType = sourcecode.swift; path = NewPlaceViewController.swift; sourceTree = "<group>"; };
		61FAA38B24BC9E12000D17A0 /* PlaceModel.swift */ = {isa = PBXFileReference; lastKnownFileType = sourcecode.swift; path = PlaceModel.swift; sourceTree = "<group>"; };
		61FAA38D24BCA0C9000D17A0 /* PlaceInfoViewController.swift */ = {isa = PBXFileReference; lastKnownFileType = sourcecode.swift; path = PlaceInfoViewController.swift; sourceTree = "<group>"; };
		61FAA39024BCA15C000D17A0 /* UIColor+Custom.swift */ = {isa = PBXFileReference; lastKnownFileType = sourcecode.swift; path = "UIColor+Custom.swift"; sourceTree = "<group>"; };
		61FAA39324BCAB97000D17A0 /* ImagePickerManager.swift */ = {isa = PBXFileReference; lastKnownFileType = sourcecode.swift; path = ImagePickerManager.swift; sourceTree = "<group>"; };
		61FAA39524BCCA0C000D17A0 /* MPTextField.swift */ = {isa = PBXFileReference; lastKnownFileType = sourcecode.swift; path = MPTextField.swift; sourceTree = "<group>"; };
		61FAA39724BCD4A1000D17A0 /* CoordinatesViewController.swift */ = {isa = PBXFileReference; lastKnownFileType = sourcecode.swift; path = CoordinatesViewController.swift; sourceTree = "<group>"; };
/* End PBXFileReference section */

/* Begin PBXFrameworksBuildPhase section */
		619B6EE024BB4722000693C5 /* Frameworks */ = {
			isa = PBXFrameworksBuildPhase;
			buildActionMask = 2147483647;
			files = (
			);
			runOnlyForDeploymentPostprocessing = 0;
		};
/* End PBXFrameworksBuildPhase section */

/* Begin PBXGroup section */
		619B6EDA24BB4722000693C5 = {
			isa = PBXGroup;
			children = (
				619B6EE524BB4722000693C5 /* MyPlaces */,
				619B6EE424BB4722000693C5 /* Products */,
			);
			sourceTree = "<group>";
		};
		619B6EE424BB4722000693C5 /* Products */ = {
			isa = PBXGroup;
			children = (
				619B6EE324BB4722000693C5 /* MyPlaces.app */,
			);
			name = Products;
			sourceTree = "<group>";
		};
		619B6EE524BB4722000693C5 /* MyPlaces */ = {
			isa = PBXGroup;
			children = (
				61FAA39224BCAB8C000D17A0 /* Services */,
				61FAA38F24BCA134000D17A0 /* Utils */,
				619B6F3124BBB312000693C5 /* Controllers */,
				619B6F3024BBB2ED000693C5 /* Models */,
				619B6F2F24BBB2DA000693C5 /* Database */,
				619B6F2E24BBB2C8000693C5 /* Support */,
				619B6F2C24BBB27F000693C5 /* Views */,
				619B6EF724BB4723000693C5 /* Info.plist */,
			);
			path = MyPlaces;
			sourceTree = "<group>";
		};
		619B6F2C24BBB27F000693C5 /* Views */ = {
			isa = PBXGroup;
			children = (
				619B6F2424BB5257000693C5 /* PlaceCell.swift */,
				619B6F2D24BBB28A000693C5 /* Custom Views */,
			);
			path = Views;
			sourceTree = "<group>";
		};
		619B6F2D24BBB28A000693C5 /* Custom Views */ = {
			isa = PBXGroup;
			children = (
				619B6F2A24BBAB48000693C5 /* MPLabel.swift */,
				61FAA39524BCCA0C000D17A0 /* MPTextField.swift */,
				610B677A24BE447600EC5D58 /* MPColoredButton.swift */,
			);
			path = "Custom Views";
			sourceTree = "<group>";
		};
		619B6F2E24BBB2C8000693C5 /* Support */ = {
			isa = PBXGroup;
			children = (
				619B6EE624BB4722000693C5 /* AppDelegate.swift */,
				619B6EE824BB4722000693C5 /* SceneDelegate.swift */,
				619B6EF224BB4723000693C5 /* Assets.xcassets */,
				619B6EF424BB4723000693C5 /* LaunchScreen.storyboard */,
			);
			path = Support;
			sourceTree = "<group>";
		};
		619B6F2F24BBB2DA000693C5 /* Database */ = {
			isa = PBXGroup;
			children = (
				619B6EEF24BB4722000693C5 /* MyPlaces.xcdatamodeld */,
			);
			path = Database;
			sourceTree = "<group>";
		};
		619B6F3024BBB2ED000693C5 /* Models */ = {
			isa = PBXGroup;
			children = (
				61FAA38B24BC9E12000D17A0 /* PlaceModel.swift */,
			);
			path = Models;
			sourceTree = "<group>";
		};
		619B6F3124BBB312000693C5 /* Controllers */ = {
			isa = PBXGroup;
			children = (
				619B6EEA24BB4722000693C5 /* PlacesListViewController.swift */,
				61FAA38924BC86C5000D17A0 /* NewPlaceViewController.swift */,
				61FAA38D24BCA0C9000D17A0 /* PlaceInfoViewController.swift */,
				61FAA39724BCD4A1000D17A0 /* CoordinatesViewController.swift */,
			);
			path = Controllers;
			sourceTree = "<group>";
		};
		61FAA38F24BCA134000D17A0 /* Utils */ = {
			isa = PBXGroup;
			children = (
				61FAA39024BCA15C000D17A0 /* UIColor+Custom.swift */,
			);
			path = Utils;
			sourceTree = "<group>";
		};
		61FAA39224BCAB8C000D17A0 /* Services */ = {
			isa = PBXGroup;
			children = (
				61FAA39324BCAB97000D17A0 /* ImagePickerManager.swift */,
			);
			path = Services;
			sourceTree = "<group>";
		};
/* End PBXGroup section */

/* Begin PBXNativeTarget section */
		619B6EE224BB4722000693C5 /* MyPlaces */ = {
			isa = PBXNativeTarget;
			buildConfigurationList = 619B6EFA24BB4723000693C5 /* Build configuration list for PBXNativeTarget "MyPlaces" */;
			buildPhases = (
				619B6EDF24BB4722000693C5 /* Sources */,
				619B6EE024BB4722000693C5 /* Frameworks */,
				619B6EE124BB4722000693C5 /* Resources */,
			);
			buildRules = (
			);
			dependencies = (
			);
			name = MyPlaces;
			productName = MyPlaces;
			productReference = 619B6EE324BB4722000693C5 /* MyPlaces.app */;
			productType = "com.apple.product-type.application";
		};
/* End PBXNativeTarget section */

/* Begin PBXProject section */
		619B6EDB24BB4722000693C5 /* Project object */ = {
			isa = PBXProject;
			attributes = {
				LastSwiftUpdateCheck = 1150;
				LastUpgradeCheck = 1150;
				ORGANIZATIONNAME = "Максим Семений";
				TargetAttributes = {
					619B6EE224BB4722000693C5 = {
						CreatedOnToolsVersion = 11.5;
					};
				};
			};
			buildConfigurationList = 619B6EDE24BB4722000693C5 /* Build configuration list for PBXProject "MyPlaces" */;
			compatibilityVersion = "Xcode 9.3";
			developmentRegion = en;
			hasScannedForEncodings = 0;
			knownRegions = (
				en,
				Base,
			);
			mainGroup = 619B6EDA24BB4722000693C5;
			productRefGroup = 619B6EE424BB4722000693C5 /* Products */;
			projectDirPath = "";
			projectRoot = "";
			targets = (
				619B6EE224BB4722000693C5 /* MyPlaces */,
			);
		};
/* End PBXProject section */

/* Begin PBXResourcesBuildPhase section */
		619B6EE124BB4722000693C5 /* Resources */ = {
			isa = PBXResourcesBuildPhase;
			buildActionMask = 2147483647;
			files = (
				619B6EF624BB4723000693C5 /* LaunchScreen.storyboard in Resources */,
				619B6EF324BB4723000693C5 /* Assets.xcassets in Resources */,
			);
			runOnlyForDeploymentPostprocessing = 0;
		};
/* End PBXResourcesBuildPhase section */

/* Begin PBXSourcesBuildPhase section */
		619B6EDF24BB4722000693C5 /* Sources */ = {
			isa = PBXSourcesBuildPhase;
			buildActionMask = 2147483647;
			files = (
				61FAA39824BCD4A1000D17A0 /* CoordinatesViewController.swift in Sources */,
				610B677B24BE447600EC5D58 /* MPColoredButton.swift in Sources */,
				61FAA39424BCAB97000D17A0 /* ImagePickerManager.swift in Sources */,
				619B6EEB24BB4722000693C5 /* PlacesListViewController.swift in Sources */,
				61FAA38C24BC9E12000D17A0 /* PlaceModel.swift in Sources */,
				619B6F2624BB5257000693C5 /* PlaceCell.swift in Sources */,
				619B6EE724BB4722000693C5 /* AppDelegate.swift in Sources */,
				619B6EE924BB4722000693C5 /* SceneDelegate.swift in Sources */,
				61FAA38A24BC86C5000D17A0 /* NewPlaceViewController.swift in Sources */,
				619B6EF124BB4722000693C5 /* MyPlaces.xcdatamodeld in Sources */,
				619B6F2B24BBAB48000693C5 /* MPLabel.swift in Sources */,
				61FAA39124BCA15C000D17A0 /* UIColor+Custom.swift in Sources */,
				61FAA39624BCCA0C000D17A0 /* MPTextField.swift in Sources */,
				61FAA38E24BCA0C9000D17A0 /* PlaceInfoViewController.swift in Sources */,
			);
			runOnlyForDeploymentPostprocessing = 0;
		};
/* End PBXSourcesBuildPhase section */

/* Begin PBXVariantGroup section */
		619B6EF424BB4723000693C5 /* LaunchScreen.storyboard */ = {
			isa = PBXVariantGroup;
			children = (
				619B6EF524BB4723000693C5 /* Base */,
			);
			name = LaunchScreen.storyboard;
			sourceTree = "<group>";
		};
/* End PBXVariantGroup section */

/* Begin XCBuildConfiguration section */
		619B6EF824BB4723000693C5 /* Debug */ = {
			isa = XCBuildConfiguration;
			buildSettings = {
				ALWAYS_SEARCH_USER_PATHS = NO;
				CLANG_ANALYZER_NONNULL = YES;
				CLANG_ANALYZER_NUMBER_OBJECT_CONVERSION = YES_AGGRESSIVE;
				CLANG_CXX_LANGUAGE_STANDARD = "gnu++14";
				CLANG_CXX_LIBRARY = "libc++";
				CLANG_ENABLE_MODULES = YES;
				CLANG_ENABLE_OBJC_ARC = YES;
				CLANG_ENABLE_OBJC_WEAK = YES;
				CLANG_WARN_BLOCK_CAPTURE_AUTORELEASING = YES;
				CLANG_WARN_BOOL_CONVERSION = YES;
				CLANG_WARN_COMMA = YES;
				CLANG_WARN_CONSTANT_CONVERSION = YES;
				CLANG_WARN_DEPRECATED_OBJC_IMPLEMENTATIONS = YES;
				CLANG_WARN_DIRECT_OBJC_ISA_USAGE = YES_ERROR;
				CLANG_WARN_DOCUMENTATION_COMMENTS = YES;
				CLANG_WARN_EMPTY_BODY = YES;
				CLANG_WARN_ENUM_CONVERSION = YES;
				CLANG_WARN_INFINITE_RECURSION = YES;
				CLANG_WARN_INT_CONVERSION = YES;
				CLANG_WARN_NON_LITERAL_NULL_CONVERSION = YES;
				CLANG_WARN_OBJC_IMPLICIT_RETAIN_SELF = YES;
				CLANG_WARN_OBJC_LITERAL_CONVERSION = YES;
				CLANG_WARN_OBJC_ROOT_CLASS = YES_ERROR;
				CLANG_WARN_RANGE_LOOP_ANALYSIS = YES;
				CLANG_WARN_STRICT_PROTOTYPES = YES;
				CLANG_WARN_SUSPICIOUS_MOVE = YES;
				CLANG_WARN_UNGUARDED_AVAILABILITY = YES_AGGRESSIVE;
				CLANG_WARN_UNREACHABLE_CODE = YES;
				CLANG_WARN__DUPLICATE_METHOD_MATCH = YES;
				COPY_PHASE_STRIP = NO;
				DEBUG_INFORMATION_FORMAT = dwarf;
				ENABLE_STRICT_OBJC_MSGSEND = YES;
				ENABLE_TESTABILITY = YES;
				GCC_C_LANGUAGE_STANDARD = gnu11;
				GCC_DYNAMIC_NO_PIC = NO;
				GCC_NO_COMMON_BLOCKS = YES;
				GCC_OPTIMIZATION_LEVEL = 0;
				GCC_PREPROCESSOR_DEFINITIONS = (
					"DEBUG=1",
					"$(inherited)",
				);
				GCC_WARN_64_TO_32_BIT_CONVERSION = YES;
				GCC_WARN_ABOUT_RETURN_TYPE = YES_ERROR;
				GCC_WARN_UNDECLARED_SELECTOR = YES;
				GCC_WARN_UNINITIALIZED_AUTOS = YES_AGGRESSIVE;
				GCC_WARN_UNUSED_FUNCTION = YES;
				GCC_WARN_UNUSED_VARIABLE = YES;
				IPHONEOS_DEPLOYMENT_TARGET = 13.5;
				MTL_ENABLE_DEBUG_INFO = INCLUDE_SOURCE;
				MTL_FAST_MATH = YES;
				ONLY_ACTIVE_ARCH = YES;
				SDKROOT = iphoneos;
				SWIFT_ACTIVE_COMPILATION_CONDITIONS = DEBUG;
				SWIFT_OPTIMIZATION_LEVEL = "-Onone";
			};
			name = Debug;
		};
		619B6EF924BB4723000693C5 /* Release */ = {
			isa = XCBuildConfiguration;
			buildSettings = {
				ALWAYS_SEARCH_USER_PATHS = NO;
				CLANG_ANALYZER_NONNULL = YES;
				CLANG_ANALYZER_NUMBER_OBJECT_CONVERSION = YES_AGGRESSIVE;
				CLANG_CXX_LANGUAGE_STANDARD = "gnu++14";
				CLANG_CXX_LIBRARY = "libc++";
				CLANG_ENABLE_MODULES = YES;
				CLANG_ENABLE_OBJC_ARC = YES;
				CLANG_ENABLE_OBJC_WEAK = YES;
				CLANG_WARN_BLOCK_CAPTURE_AUTORELEASING = YES;
				CLANG_WARN_BOOL_CONVERSION = YES;
				CLANG_WARN_COMMA = YES;
				CLANG_WARN_CONSTANT_CONVERSION = YES;
				CLANG_WARN_DEPRECATED_OBJC_IMPLEMENTATIONS = YES;
				CLANG_WARN_DIRECT_OBJC_ISA_USAGE = YES_ERROR;
				CLANG_WARN_DOCUMENTATION_COMMENTS = YES;
				CLANG_WARN_EMPTY_BODY = YES;
				CLANG_WARN_ENUM_CONVERSION = YES;
				CLANG_WARN_INFINITE_RECURSION = YES;
				CLANG_WARN_INT_CONVERSION = YES;
				CLANG_WARN_NON_LITERAL_NULL_CONVERSION = YES;
				CLANG_WARN_OBJC_IMPLICIT_RETAIN_SELF = YES;
				CLANG_WARN_OBJC_LITERAL_CONVERSION = YES;
				CLANG_WARN_OBJC_ROOT_CLASS = YES_ERROR;
				CLANG_WARN_RANGE_LOOP_ANALYSIS = YES;
				CLANG_WARN_STRICT_PROTOTYPES = YES;
				CLANG_WARN_SUSPICIOUS_MOVE = YES;
				CLANG_WARN_UNGUARDED_AVAILABILITY = YES_AGGRESSIVE;
				CLANG_WARN_UNREACHABLE_CODE = YES;
				CLANG_WARN__DUPLICATE_METHOD_MATCH = YES;
				COPY_PHASE_STRIP = NO;
				DEBUG_INFORMATION_FORMAT = "dwarf-with-dsym";
				ENABLE_NS_ASSERTIONS = NO;
				ENABLE_STRICT_OBJC_MSGSEND = YES;
				GCC_C_LANGUAGE_STANDARD = gnu11;
				GCC_NO_COMMON_BLOCKS = YES;
				GCC_WARN_64_TO_32_BIT_CONVERSION = YES;
				GCC_WARN_ABOUT_RETURN_TYPE = YES_ERROR;
				GCC_WARN_UNDECLARED_SELECTOR = YES;
				GCC_WARN_UNINITIALIZED_AUTOS = YES_AGGRESSIVE;
				GCC_WARN_UNUSED_FUNCTION = YES;
				GCC_WARN_UNUSED_VARIABLE = YES;
				IPHONEOS_DEPLOYMENT_TARGET = 13.5;
				MTL_ENABLE_DEBUG_INFO = NO;
				MTL_FAST_MATH = YES;
				SDKROOT = iphoneos;
				SWIFT_COMPILATION_MODE = wholemodule;
				SWIFT_OPTIMIZATION_LEVEL = "-O";
				VALIDATE_PRODUCT = YES;
			};
			name = Release;
		};
		619B6EFB24BB4723000693C5 /* Debug */ = {
			isa = XCBuildConfiguration;
			buildSettings = {
				ASSETCATALOG_COMPILER_APPICON_NAME = AppIcon;
				CODE_SIGN_STYLE = Automatic;
				DEVELOPMENT_TEAM = 4YR7V37W2C;
				INFOPLIST_FILE = MyPlaces/Info.plist;
				LD_RUNPATH_SEARCH_PATHS = (
					"$(inherited)",
					"@executable_path/Frameworks",
				);
				PRODUCT_BUNDLE_IDENTIFIER = maxim.semeniy.MyPlaces;
				PRODUCT_NAME = "$(TARGET_NAME)";
				SWIFT_VERSION = 5.0;
				TARGETED_DEVICE_FAMILY = 1;
			};
			name = Debug;
		};
		619B6EFC24BB4723000693C5 /* Release */ = {
			isa = XCBuildConfiguration;
			buildSettings = {
				ASSETCATALOG_COMPILER_APPICON_NAME = AppIcon;
				CODE_SIGN_STYLE = Automatic;
				DEVELOPMENT_TEAM = 4YR7V37W2C;
				INFOPLIST_FILE = MyPlaces/Info.plist;
				LD_RUNPATH_SEARCH_PATHS = (
					"$(inherited)",
					"@executable_path/Frameworks",
				);
				PRODUCT_BUNDLE_IDENTIFIER = maxim.semeniy.MyPlaces;
				PRODUCT_NAME = "$(TARGET_NAME)";
				SWIFT_VERSION = 5.0;
				TARGETED_DEVICE_FAMILY = 1;
			};
			name = Release;
		};
/* End XCBuildConfiguration section */

/* Begin XCConfigurationList section */
		619B6EDE24BB4722000693C5 /* Build configuration list for PBXProject "MyPlaces" */ = {
			isa = XCConfigurationList;
			buildConfigurations = (
				619B6EF824BB4723000693C5 /* Debug */,
				619B6EF924BB4723000693C5 /* Release */,
			);
			defaultConfigurationIsVisible = 0;
			defaultConfigurationName = Release;
		};
		619B6EFA24BB4723000693C5 /* Build configuration list for PBXNativeTarget "MyPlaces" */ = {
			isa = XCConfigurationList;
			buildConfigurations = (
				619B6EFB24BB4723000693C5 /* Debug */,
				619B6EFC24BB4723000693C5 /* Release */,
			);
			defaultConfigurationIsVisible = 0;
			defaultConfigurationName = Release;
		};
/* End XCConfigurationList section */

/* Begin XCVersionGroup section */
		619B6EEF24BB4722000693C5 /* MyPlaces.xcdatamodeld */ = {
			isa = XCVersionGroup;
			children = (
				619B6EF024BB4722000693C5 /* MyPlaces.xcdatamodel */,
			);
			currentVersion = 619B6EF024BB4722000693C5 /* MyPlaces.xcdatamodel */;
			path = MyPlaces.xcdatamodeld;
			sourceTree = "<group>";
			versionGroupType = wrapper.xcdatamodel;
		};
/* End XCVersionGroup section */
	};
	rootObject = 619B6EDB24BB4722000693C5 /* Project object */;
}
